
Microsoft Visual Studio Solution File, Format Version 12.00
# Visual Studio Version 17
VisualStudioVersion = 17.5.33502.453
MinimumVisualStudioVersion = 10.0.40219.1
Project("{FAE04EC0-301F-11D3-BF4B-00C04F79EFBC}") = "proyecto", "proyecto\proyecto.csproj", "{5AFE510A-67EF-4C0B-ACA6-F7FA50557F0F}"
EndProject
Global
	GlobalSection(SolutionConfigurationPlatforms) = preSolution
		Debug|Any CPU = Debug|Any CPU
		Release|Any CPU = Release|Any CPU
	EndGlobalSection
	GlobalSection(ProjectConfigurationPlatforms) = postSolution
		{5AFE510A-67EF-4C0B-ACA6-F7FA50557F0F}.Debug|Any CPU.ActiveCfg = Debug|Any CPU
		{5AFE510A-67EF-4C0B-ACA6-F7FA50557F0F}.Debug|Any CPU.Build.0 = Debug|Any CPU
		{5AFE510A-67EF-4C0B-ACA6-F7FA50557F0F}.Release|Any CPU.ActiveCfg = Release|Any CPU
		{5AFE510A-67EF-4C0B-ACA6-F7FA50557F0F}.Release|Any CPU.Build.0 = Release|Any CPU
	EndGlobalSection
	GlobalSection(SolutionProperties) = preSolution
		HideSolutionNode = FALSE
	EndGlobalSection
	GlobalSection(ExtensibilityGlobals) = postSolution
		SolutionGuid = {B4E79089-CF97-4C85-BD24-DB360893471E}
	EndGlobalSection
EndGlobal
